
Microsoft Visual Studio Solution File, Format Version 12.00
# Visual Studio Version 17
VisualStudioVersion = 17.8.34511.84
MinimumVisualStudioVersion = 10.0.40219.1
Project("{FAE04EC0-301F-11D3-BF4B-00C04F79EFBC}") = "Puzzle 15", "Puzzle 15.csproj", "{5899DB39-2D62-455F-9744-D570B4DE0FC0}"
EndProject
Global
	GlobalSection(SolutionConfigurationPlatforms) = preSolution
		Debug|Any CPU = Debug|Any CPU
		Release|Any CPU = Release|Any CPU
	EndGlobalSection
	GlobalSection(ProjectConfigurationPlatforms) = postSolution
		{5899DB39-2D62-455F-9744-D570B4DE0FC0}.Debug|Any CPU.ActiveCfg = Debug|Any CPU
		{5899DB39-2D62-455F-9744-D570B4DE0FC0}.Debug|Any CPU.Build.0 = Debug|Any CPU
		{5899DB39-2D62-455F-9744-D570B4DE0FC0}.Release|Any CPU.ActiveCfg = Release|Any CPU
		{5899DB39-2D62-455F-9744-D570B4DE0FC0}.Release|Any CPU.Build.0 = Release|Any CPU
	EndGlobalSection
	GlobalSection(SolutionProperties) = preSolution
		HideSolutionNode = FALSE
	EndGlobalSection
	GlobalSection(ExtensibilityGlobals) = postSolution
		SolutionGuid = {6743D8DB-D463-4952-B908-938D7DCDFA22}
	EndGlobalSection
EndGlobal
